<?xml version="1.0" encoding="utf-8"?>
<Project ToolsVersion="4.0" xmlns="http://schemas.microsoft.com/developer/msbuild/2003">
  <ItemGroup>
    <Filter Include="Content">
      <UniqueIdentifier>{3a8c154e-1780-4cc7-9da9-660505ebc9e4}</UniqueIdentifier>
    </Filter>
    <Filter Include="Content\Shaders">
      <UniqueIdentifier>{f7d7677a-469b-4df2-9485-8147496a834a}</UniqueIdentifier>
    </Filter>
    <Filter Include="Content\Models">
      <UniqueIdentifier>{6845fa16-9309-4853-924d-2039a265ec05}</UniqueIdentifier>
    </Filter>
    <Filter Include="Content\Textures">
      <UniqueIdentifier>{1d4c2969-bb94-4c77-a251-a96e275277aa}</UniqueIdentifier>
    </Filter>
    <Filter Include="Game">
      <UniqueIdentifier>{d9a3c416-3d15-4d69-a561-b717ce1600e3}</UniqueIdentifier>
    </Filter>
    <Filter Include="Libs">
      <UniqueIdentifier>{2b1bc205-3538-4ac0-89cc-65c726c742e2}</UniqueIdentifier>
    </Filter>
    <Filter Include="Libs\TinyXML2">
      <UniqueIdentifier>{ca656eaa-a9ff-45c1-9814-6bfeb95b7c12}</UniqueIdentifier>
    </Filter>
    <Filter Include="Libs\Mage">
      <UniqueIdentifier>{c90fb2de-77e0-4c81-8ca1-aff31bd1a1bf}</UniqueIdentifier>
    </Filter>
    <Filter Include="Content\Scenes">
      <UniqueIdentifier>{9c7624b2-4284-4172-bdf3-25f52199aa7f}</UniqueIdentifier>
    </Filter>
    <Filter Include="DX9Lib">
      <UniqueIdentifier>{17248087-91b8-4a69-ac3a-89fbbd3f293f}</UniqueIdentifier>
    </Filter>
    <Filter Include="DX9Lib\Objects">
      <UniqueIdentifier>{4ded7edb-34ca-4bf3-8f0f-b4566344258f}</UniqueIdentifier>
    </Filter>
    <Filter Include="DX9Lib\Scene">
      <UniqueIdentifier>{ea50d761-00c5-4ed4-9747-dde810499185}</UniqueIdentifier>
    </Filter>
    <Filter Include="DX9Lib\Rendering">
      <UniqueIdentifier>{74b38d93-39f2-4bcc-ba1f-2a04c308def6}</UniqueIdentifier>
    </Filter>
    <Filter Include="Content\Shaders\Scene">
      <UniqueIdentifier>{b3ca9484-b617-4350-890f-3cbb7c076f5a}</UniqueIdentifier>
    </Filter>
    <Filter Include="Content\Shaders\PostProcessing">
      <UniqueIdentifier>{84ad0b49-9d91-4812-a9c4-6b1e63bcd69b}</UniqueIdentifier>
    </Filter>
  </ItemGroup>
  <ItemGroup>
    <ClInclude Include="mage\AbstractGameLoop.h">
      <Filter>Libs\Mage</Filter>
    </ClInclude>
    <ClInclude Include="mage\Effect.h">
      <Filter>Libs\Mage</Filter>
    </ClInclude>
    <ClInclude Include="mage\GameWindow.h">
      <Filter>Libs\Mage</Filter>
    </ClInclude>
    <ClInclude Include="mage\HandleError.h">
      <Filter>Libs\Mage</Filter>
    </ClInclude>
    <ClInclude Include="mage\IGameLoop.h">
      <Filter>Libs\Mage</Filter>
    </ClInclude>
    <ClInclude Include="mage\TString.h">
      <Filter>Libs\Mage</Filter>
    </ClInclude>
    <ClInclude Include="mage\WindowsEvent.h">
      <Filter>Libs\Mage</Filter>
    </ClInclude>
    <ClInclude Include="MainGame.h">
      <Filter>Game</Filter>
    </ClInclude>
    <ClInclude Include="MeshObject.h">
      <Filter>DX9Lib\Objects</Filter>
    </ClInclude>
    <ClInclude Include="Object.h">
      <Filter>DX9Lib\Objects</Filter>
    </ClInclude>
    <ClInclude Include="Camera.h">
      <Filter>DX9Lib\Scene</Filter>
    </ClInclude>
    <ClInclude Include="Light.h">
      <Filter>DX9Lib\Scene</Filter>
    </ClInclude>
    <ClInclude Include="Content.h">
      <Filter>DX9Lib\Rendering</Filter>
    </ClInclude>
    <ClInclude Include="Material.h">
      <Filter>DX9Lib\Rendering</Filter>
    </ClInclude>
    <ClInclude Include="Vertex.h">
      <Filter>DX9Lib\Rendering</Filter>
    </ClInclude>
    <ClInclude Include="TinyXML2\tinyxml2.h">
      <Filter>Libs\TinyXML2</Filter>
    </ClInclude>
    <ClInclude Include="Scene.h">
      <Filter>DX9Lib\Scene</Filter>
    </ClInclude>
    <ClInclude Include="SkydomeObject.h">
      <Filter>DX9Lib\Objects</Filter>
    </ClInclude>
    <ClInclude Include="TerrainObject.h">
      <Filter>DX9Lib\Objects</Filter>
    </ClInclude>
  </ItemGroup>
  <ItemGroup>
    <ClCompile Include="mage\Effect.cpp">
      <Filter>Libs\Mage</Filter>
    </ClCompile>
    <ClCompile Include="mage\GameWindow.cpp">
      <Filter>Libs\Mage</Filter>
    </ClCompile>
    <ClCompile Include="WinMain.cpp" />
    <ClCompile Include="MainGame.cpp">
      <Filter>Game</Filter>
    </ClCompile>
    <ClCompile Include="MeshObject.cpp">
      <Filter>DX9Lib\Objects</Filter>
    </ClCompile>
    <ClCompile Include="Object.cpp">
      <Filter>DX9Lib\Objects</Filter>
    </ClCompile>
    <ClCompile Include="Camera.cpp">
      <Filter>DX9Lib\Scene</Filter>
    </ClCompile>
    <ClCompile Include="Light.cpp">
      <Filter>DX9Lib\Scene</Filter>
    </ClCompile>
    <ClCompile Include="Content.cpp">
      <Filter>DX9Lib\Rendering</Filter>
    </ClCompile>
    <ClCompile Include="Material.cpp">
      <Filter>DX9Lib\Rendering</Filter>
    </ClCompile>
    <ClCompile Include="Vertex.cpp">
      <Filter>DX9Lib\Rendering</Filter>
    </ClCompile>
    <ClCompile Include="TinyXML2\tinyxml2.cpp">
      <Filter>Libs\TinyXML2</Filter>
    </ClCompile>
    <ClCompile Include="Scene.cpp">
      <Filter>DX9Lib\Scene</Filter>
    </ClCompile>
    <ClCompile Include="SkydomeObject.cpp">
      <Filter>DX9Lib\Objects</Filter>
    </ClCompile>
    <ClCompile Include="TerrainObject.cpp">
      <Filter>DX9Lib\Objects</Filter>
    </ClCompile>
  </ItemGroup>
  <ItemGroup>
    <Image Include="Content\Textures\Headgear.dds">
      <Filter>Content\Textures</Filter>
    </Image>
    <Image Include="Content\Textures\Helmet.dds">
      <Filter>Content\Textures</Filter>
    </Image>
    <Image Include="Content\Textures\Pack.dds">
      <Filter>Content\Textures</Filter>
    </Image>
    <Image Include="Content\Textures\Weapons.dds">
      <Filter>Content\Textures</Filter>
    </Image>
    <Image Include="Content\Textures\whitetex.dds">
      <Filter>Content\Textures</Filter>
    </Image>
    <Image Include="Content\Textures\Armor.dds">
      <Filter>Content\Textures</Filter>
    </Image>
    <Image Include="Content\Textures\Body.dds">
      <Filter>Content\Textures</Filter>
    </Image>
    <Image Include="Content\Textures\DwarfHead.dds">
      <Filter>Content\Textures</Filter>
    </Image>
    <Image Include="Content\Textures\dbody.tga">
      <Filter>Content\Textures</Filter>
    </Image>
    <Image Include="Content\Textures\dbodybump.tga">
      <Filter>Content\Textures</Filter>
    </Image>
    <Image Include="Content\Textures\dbodytt.tga">
      <Filter>Content\Textures</Filter>
    </Image>
    <Image Include="Content\Textures\ship1UV.bmp">
      <Filter>Content\Textures</Filter>
    </Image>
  </ItemGroup>
  <ItemGroup>
    <None Include="Content\Models\Dwarf.x">
      <Filter>Content\Models</Filter>
    </None>
    <None Include="Content\Models\skullocc.x">
      <Filter>Content\Models</Filter>
    </None>
    <None Include="Content\Models\dino videogame.x">
      <Filter>Content\Models</Filter>
    </None>
    <None Include="Content\Models\ship1.x">
      <Filter>Content\Models</Filter>
    </None>
    <None Include="Content\Models\vic viper.x">
      <Filter>Content\Models</Filter>
    </None>
    <None Include="Content\Models\King Boo.x">
      <Filter>Content\Models</Filter>
    </None>
    <None Include="Content\Models\Boo.x">
      <Filter>Content\Models</Filter>
    </None>
  </ItemGroup>
  <ItemGroup>
    <Xml Include="Content\Scenes\Test.xml">
      <Filter>Content\Scenes</Filter>
    </Xml>
  </ItemGroup>
  <ItemGroup>
    <FxCompile Include="Content\Shaders\Scene\PhongShader.fx">
      <Filter>Content\Shaders\Scene</Filter>
    </FxCompile>
    <FxCompile Include="Content\Shaders\PostProcessing\PostProc.fx">
      <Filter>Content\Shaders\PostProcessing</Filter>
    </FxCompile>
  </ItemGroup>
</Project>