<?xml version="1.0" encoding="utf-8"?>
<Project ToolsVersion="4.0" xmlns="http://schemas.microsoft.com/developer/msbuild/2003">
  <ItemGroup>
    <Filter Include="Mage">
      <UniqueIdentifier>{c90fb2de-77e0-4c81-8ca1-aff31bd1a1bf}</UniqueIdentifier>
    </Filter>
    <Filter Include="Core">
      <UniqueIdentifier>{17248087-91b8-4a69-ac3a-89fbbd3f293f}</UniqueIdentifier>
    </Filter>
    <Filter Include="Content">
      <UniqueIdentifier>{3a8c154e-1780-4cc7-9da9-660505ebc9e4}</UniqueIdentifier>
    </Filter>
    <Filter Include="Content\Shaders">
      <UniqueIdentifier>{f7d7677a-469b-4df2-9485-8147496a834a}</UniqueIdentifier>
    </Filter>
  </ItemGroup>
  <ItemGroup>
    <ClInclude Include="mage\AbstractGameLoop.h">
      <Filter>Mage</Filter>
    </ClInclude>
    <ClInclude Include="mage\Effect.h">
      <Filter>Mage</Filter>
    </ClInclude>
    <ClInclude Include="mage\GameWindow.h">
      <Filter>Mage</Filter>
    </ClInclude>
    <ClInclude Include="mage\HandleError.h">
      <Filter>Mage</Filter>
    </ClInclude>
    <ClInclude Include="mage\IGameLoop.h">
      <Filter>Mage</Filter>
    </ClInclude>
    <ClInclude Include="mage\TString.h">
      <Filter>Mage</Filter>
    </ClInclude>
    <ClInclude Include="mage\WindowsEvent.h">
      <Filter>Mage</Filter>
    </ClInclude>
    <ClInclude Include="MainGame.h">
      <Filter>Core</Filter>
    </ClInclude>
    <ClInclude Include="Object.h">
      <Filter>Core</Filter>
    </ClInclude>
    <ClInclude Include="Vertex.h">
      <Filter>Core</Filter>
    </ClInclude>
  </ItemGroup>
  <ItemGroup>
    <ClCompile Include="mage\Effect.cpp">
      <Filter>Mage</Filter>
    </ClCompile>
    <ClCompile Include="mage\GameWindow.cpp">
      <Filter>Mage</Filter>
    </ClCompile>
    <ClCompile Include="WinMain.cpp" />
    <ClCompile Include="MainGame.cpp">
      <Filter>Core</Filter>
    </ClCompile>
    <ClCompile Include="Object.cpp">
      <Filter>Core</Filter>
    </ClCompile>
    <ClCompile Include="Vertex.cpp">
      <Filter>Core</Filter>
    </ClCompile>
  </ItemGroup>
  <ItemGroup>
    <FxCompile Include="Content\Shaders\MainShader.fx">
      <Filter>Content\Shaders</Filter>
    </FxCompile>
  </ItemGroup>
</Project>