<?xml version="1.0" encoding="utf-8"?>
<Project ToolsVersion="4.0" xmlns="http://schemas.microsoft.com/developer/msbuild/2003">
  <ItemGroup>
    <Filter Include="Mage">
      <UniqueIdentifier>{c90fb2de-77e0-4c81-8ca1-aff31bd1a1bf}</UniqueIdentifier>
    </Filter>
    <Filter Include="Core">
      <UniqueIdentifier>{17248087-91b8-4a69-ac3a-89fbbd3f293f}</UniqueIdentifier>
    </Filter>
    <Filter Include="Content">
      <UniqueIdentifier>{3a8c154e-1780-4cc7-9da9-660505ebc9e4}</UniqueIdentifier>
    </Filter>
    <Filter Include="Content\Shaders">
      <UniqueIdentifier>{f7d7677a-469b-4df2-9485-8147496a834a}</UniqueIdentifier>
    </Filter>
    <Filter Include="Content\Models">
      <UniqueIdentifier>{6845fa16-9309-4853-924d-2039a265ec05}</UniqueIdentifier>
    </Filter>
    <Filter Include="Content\Textures">
      <UniqueIdentifier>{1d4c2969-bb94-4c77-a251-a96e275277aa}</UniqueIdentifier>
    </Filter>
    <Filter Include="Game">
      <UniqueIdentifier>{d9a3c416-3d15-4d69-a561-b717ce1600e3}</UniqueIdentifier>
    </Filter>
  </ItemGroup>
  <ItemGroup>
    <ClInclude Include="mage\AbstractGameLoop.h">
      <Filter>Mage</Filter>
    </ClInclude>
    <ClInclude Include="mage\Effect.h">
      <Filter>Mage</Filter>
    </ClInclude>
    <ClInclude Include="mage\GameWindow.h">
      <Filter>Mage</Filter>
    </ClInclude>
    <ClInclude Include="mage\HandleError.h">
      <Filter>Mage</Filter>
    </ClInclude>
    <ClInclude Include="mage\IGameLoop.h">
      <Filter>Mage</Filter>
    </ClInclude>
    <ClInclude Include="mage\TString.h">
      <Filter>Mage</Filter>
    </ClInclude>
    <ClInclude Include="mage\WindowsEvent.h">
      <Filter>Mage</Filter>
    </ClInclude>
    <ClInclude Include="Object.h">
      <Filter>Core</Filter>
    </ClInclude>
    <ClInclude Include="Vertex.h">
      <Filter>Core</Filter>
    </ClInclude>
    <ClInclude Include="MeshObject.h">
      <Filter>Core</Filter>
    </ClInclude>
    <ClInclude Include="MainGame.h">
      <Filter>Game</Filter>
    </ClInclude>
    <ClInclude Include="Material.h">
      <Filter>Core</Filter>
    </ClInclude>
  </ItemGroup>
  <ItemGroup>
    <ClCompile Include="mage\Effect.cpp">
      <Filter>Mage</Filter>
    </ClCompile>
    <ClCompile Include="mage\GameWindow.cpp">
      <Filter>Mage</Filter>
    </ClCompile>
    <ClCompile Include="WinMain.cpp" />
    <ClCompile Include="Object.cpp">
      <Filter>Core</Filter>
    </ClCompile>
    <ClCompile Include="Vertex.cpp">
      <Filter>Core</Filter>
    </ClCompile>
    <ClCompile Include="MeshObject.cpp">
      <Filter>Core</Filter>
    </ClCompile>
    <ClCompile Include="MainGame.cpp">
      <Filter>Game</Filter>
    </ClCompile>
    <ClCompile Include="Material.cpp">
      <Filter>Core</Filter>
    </ClCompile>
  </ItemGroup>
  <ItemGroup>
    <FxCompile Include="Content\Shaders\MainShader.fx">
      <Filter>Content\Shaders</Filter>
    </FxCompile>
  </ItemGroup>
  <ItemGroup>
    <Image Include="Content\Textures\Headgear.dds">
      <Filter>Content\Textures</Filter>
    </Image>
    <Image Include="Content\Textures\Helmet.dds">
      <Filter>Content\Textures</Filter>
    </Image>
    <Image Include="Content\Textures\Pack.dds">
      <Filter>Content\Textures</Filter>
    </Image>
    <Image Include="Content\Textures\Weapons.dds">
      <Filter>Content\Textures</Filter>
    </Image>
    <Image Include="Content\Textures\whitetex.dds">
      <Filter>Content\Textures</Filter>
    </Image>
    <Image Include="Content\Textures\Armor.dds">
      <Filter>Content\Textures</Filter>
    </Image>
    <Image Include="Content\Textures\Body.dds">
      <Filter>Content\Textures</Filter>
    </Image>
    <Image Include="Content\Textures\DwarfHead.dds">
      <Filter>Content\Textures</Filter>
    </Image>
  </ItemGroup>
  <ItemGroup>
    <None Include="Content\Models\Dwarf.x">
      <Filter>Content\Models</Filter>
    </None>
    <None Include="Content\Models\skullocc.x">
      <Filter>Content\Models</Filter>
    </None>
  </ItemGroup>
</Project>